
Microsoft Visual Studio Solution File, Format Version 12.00
# Visual Studio 15
VisualStudioVersion = 15.0.28307.136
MinimumVisualStudioVersion = 10.0.40219.1
Project("{9A19103F-16F7-4668-BE54-9A1E7A4F7556}") = "VehicleInfoClientCreator", "VehicleInfoClientCreator\VehicleInfoClientCreator.csproj", "{1A9463B0-CCCD-4BDF-BF5D-BF0EE0F9BEF1}"
EndProject
Project("{FAE04EC0-301F-11D3-BF4B-00C04F79EFBC}") = "MapJsonConverter", "MapJsonConverter\MapJsonConverter.csproj", "{45451580-1DBD-49F8-A436-057722408678}"
EndProject
Project("{9A19103F-16F7-4668-BE54-9A1E7A4F7556}") = "TaskDemo", "TaskDemo\TaskDemo.csproj", "{EADF8CEF-8051-40DD-913F-0E0FE4D1532F}"
EndProject
Project("{9A19103F-16F7-4668-BE54-9A1E7A4F7556}") = "VehicleInfoConsumer", "VehicleInfoConsumer\VehicleInfoConsumer.csproj", "{FEB8574A-4B7D-4185-916D-901759080AAC}"
EndProject
Project("{FAE04EC0-301F-11D3-BF4B-00C04F79EFBC}") = "WPFMVVM.Stylet", "WPFMVVM.Stylet\WPFMVVM.Stylet.csproj", "{8AB9A2CB-0F6D-4395-AF95-627AB176A027}"
EndProject
Project("{FAE04EC0-301F-11D3-BF4B-00C04F79EFBC}") = "WpfMVVM.MVVMLight", "WpfMVVM.MVVMLight\WpfMVVM.MVVMLight.csproj", "{5F4BDE03-C6D5-4394-965D-6450E8B24C33}"
EndProject
Project("{2150E333-8FDC-42A3-9474-1A3956D46DE8}") = "MVVM", "MVVM", "{7A6FE64A-2427-48C0-99A7-0D81832173E2}"
EndProject
Project("{FAE04EC0-301F-11D3-BF4B-00C04F79EFBC}") = "CustomPath", "CustomPath\CustomPath.csproj", "{28251267-B40F-433E-A9B2-FA209F99A235}"
EndProject
Project("{FAE04EC0-301F-11D3-BF4B-00C04F79EFBC}") = "ImageChange", "ImageChange\ImageChange.csproj", "{5C8FD251-FEF7-4737-B07B-2527C8D3FE7E}"
EndProject
Project("{FAE04EC0-301F-11D3-BF4B-00C04F79EFBC}") = "AvalonDockDemo", "AvalonDockDemo\AvalonDockDemo.csproj", "{7D58F270-0F45-4754-9575-40B3F011B5E1}"
EndProject
Project("{FAE04EC0-301F-11D3-BF4B-00C04F79EFBC}") = "WpfAppwindow", "WpfAppwindow\WpfAppwindow.csproj", "{28960E94-CC6A-4841-B06D-96575CD82E56}"
EndProject
Project("{FAE04EC0-301F-11D3-BF4B-00C04F79EFBC}") = "LazyDemo", "LazyDemo\LazyDemo.csproj", "{E84F7C7E-40EE-4963-A94E-E715F45FF9D2}"
EndProject
Project("{2150E333-8FDC-42A3-9474-1A3956D46DE8}") = "C++", "C++", "{13A87E71-284C-4C25-B82A-C55F71A60E39}"
EndProject
Project("{8BC9CEB8-8B4A-11D0-8D11-00A0C91BC942}") = "Demo0227", "Demo0227\Demo0227.vcxproj", "{DF08D37D-BFDE-4E7F-A9C3-9DDF7ED0C0A0}"
EndProject
Global
	GlobalSection(SolutionConfigurationPlatforms) = preSolution
		Debug|Any CPU = Debug|Any CPU
		Debug|x64 = Debug|x64
		Debug|x86 = Debug|x86
		Release|Any CPU = Release|Any CPU
		Release|x64 = Release|x64
		Release|x86 = Release|x86
	EndGlobalSection
	GlobalSection(ProjectConfigurationPlatforms) = postSolution
		{1A9463B0-CCCD-4BDF-BF5D-BF0EE0F9BEF1}.Debug|Any CPU.ActiveCfg = Debug|Any CPU
		{1A9463B0-CCCD-4BDF-BF5D-BF0EE0F9BEF1}.Debug|Any CPU.Build.0 = Debug|Any CPU
		{1A9463B0-CCCD-4BDF-BF5D-BF0EE0F9BEF1}.Debug|x64.ActiveCfg = Debug|Any CPU
		{1A9463B0-CCCD-4BDF-BF5D-BF0EE0F9BEF1}.Debug|x64.Build.0 = Debug|Any CPU
		{1A9463B0-CCCD-4BDF-BF5D-BF0EE0F9BEF1}.Debug|x86.ActiveCfg = Debug|Any CPU
		{1A9463B0-CCCD-4BDF-BF5D-BF0EE0F9BEF1}.Debug|x86.Build.0 = Debug|Any CPU
		{1A9463B0-CCCD-4BDF-BF5D-BF0EE0F9BEF1}.Release|Any CPU.ActiveCfg = Release|Any CPU
		{1A9463B0-CCCD-4BDF-BF5D-BF0EE0F9BEF1}.Release|Any CPU.Build.0 = Release|Any CPU
		{1A9463B0-CCCD-4BDF-BF5D-BF0EE0F9BEF1}.Release|x64.ActiveCfg = Release|Any CPU
		{1A9463B0-CCCD-4BDF-BF5D-BF0EE0F9BEF1}.Release|x64.Build.0 = Release|Any CPU
		{1A9463B0-CCCD-4BDF-BF5D-BF0EE0F9BEF1}.Release|x86.ActiveCfg = Release|Any CPU
		{1A9463B0-CCCD-4BDF-BF5D-BF0EE0F9BEF1}.Release|x86.Build.0 = Release|Any CPU
		{45451580-1DBD-49F8-A436-057722408678}.Debug|Any CPU.ActiveCfg = Debug|Any CPU
		{45451580-1DBD-49F8-A436-057722408678}.Debug|Any CPU.Build.0 = Debug|Any CPU
		{45451580-1DBD-49F8-A436-057722408678}.Debug|x64.ActiveCfg = Debug|Any CPU
		{45451580-1DBD-49F8-A436-057722408678}.Debug|x64.Build.0 = Debug|Any CPU
		{45451580-1DBD-49F8-A436-057722408678}.Debug|x86.ActiveCfg = Debug|Any CPU
		{45451580-1DBD-49F8-A436-057722408678}.Debug|x86.Build.0 = Debug|Any CPU
		{45451580-1DBD-49F8-A436-057722408678}.Release|Any CPU.ActiveCfg = Release|Any CPU
		{45451580-1DBD-49F8-A436-057722408678}.Release|Any CPU.Build.0 = Release|Any CPU
		{45451580-1DBD-49F8-A436-057722408678}.Release|x64.ActiveCfg = Release|Any CPU
		{45451580-1DBD-49F8-A436-057722408678}.Release|x64.Build.0 = Release|Any CPU
		{45451580-1DBD-49F8-A436-057722408678}.Release|x86.ActiveCfg = Release|Any CPU
		{45451580-1DBD-49F8-A436-057722408678}.Release|x86.Build.0 = Release|Any CPU
		{EADF8CEF-8051-40DD-913F-0E0FE4D1532F}.Debug|Any CPU.ActiveCfg = Debug|Any CPU
		{EADF8CEF-8051-40DD-913F-0E0FE4D1532F}.Debug|Any CPU.Build.0 = Debug|Any CPU
		{EADF8CEF-8051-40DD-913F-0E0FE4D1532F}.Debug|x64.ActiveCfg = Debug|Any CPU
		{EADF8CEF-8051-40DD-913F-0E0FE4D1532F}.Debug|x64.Build.0 = Debug|Any CPU
		{EADF8CEF-8051-40DD-913F-0E0FE4D1532F}.Debug|x86.ActiveCfg = Debug|Any CPU
		{EADF8CEF-8051-40DD-913F-0E0FE4D1532F}.Debug|x86.Build.0 = Debug|Any CPU
		{EADF8CEF-8051-40DD-913F-0E0FE4D1532F}.Release|Any CPU.ActiveCfg = Release|Any CPU
		{EADF8CEF-8051-40DD-913F-0E0FE4D1532F}.Release|Any CPU.Build.0 = Release|Any CPU
		{EADF8CEF-8051-40DD-913F-0E0FE4D1532F}.Release|x64.ActiveCfg = Release|Any CPU
		{EADF8CEF-8051-40DD-913F-0E0FE4D1532F}.Release|x64.Build.0 = Release|Any CPU
		{EADF8CEF-8051-40DD-913F-0E0FE4D1532F}.Release|x86.ActiveCfg = Release|Any CPU
		{EADF8CEF-8051-40DD-913F-0E0FE4D1532F}.Release|x86.Build.0 = Release|Any CPU
		{FEB8574A-4B7D-4185-916D-901759080AAC}.Debug|Any CPU.ActiveCfg = Debug|Any CPU
		{FEB8574A-4B7D-4185-916D-901759080AAC}.Debug|Any CPU.Build.0 = Debug|Any CPU
		{FEB8574A-4B7D-4185-916D-901759080AAC}.Debug|x64.ActiveCfg = Debug|Any CPU
		{FEB8574A-4B7D-4185-916D-901759080AAC}.Debug|x64.Build.0 = Debug|Any CPU
		{FEB8574A-4B7D-4185-916D-901759080AAC}.Debug|x86.ActiveCfg = Debug|Any CPU
		{FEB8574A-4B7D-4185-916D-901759080AAC}.Debug|x86.Build.0 = Debug|Any CPU
		{FEB8574A-4B7D-4185-916D-901759080AAC}.Release|Any CPU.ActiveCfg = Release|Any CPU
		{FEB8574A-4B7D-4185-916D-901759080AAC}.Release|Any CPU.Build.0 = Release|Any CPU
		{FEB8574A-4B7D-4185-916D-901759080AAC}.Release|x64.ActiveCfg = Release|Any CPU
		{FEB8574A-4B7D-4185-916D-901759080AAC}.Release|x64.Build.0 = Release|Any CPU
		{FEB8574A-4B7D-4185-916D-901759080AAC}.Release|x86.ActiveCfg = Release|Any CPU
		{FEB8574A-4B7D-4185-916D-901759080AAC}.Release|x86.Build.0 = Release|Any CPU
		{8AB9A2CB-0F6D-4395-AF95-627AB176A027}.Debug|Any CPU.ActiveCfg = Debug|Any CPU
		{8AB9A2CB-0F6D-4395-AF95-627AB176A027}.Debug|Any CPU.Build.0 = Debug|Any CPU
		{8AB9A2CB-0F6D-4395-AF95-627AB176A027}.Debug|x64.ActiveCfg = Debug|Any CPU
		{8AB9A2CB-0F6D-4395-AF95-627AB176A027}.Debug|x64.Build.0 = Debug|Any CPU
		{8AB9A2CB-0F6D-4395-AF95-627AB176A027}.Debug|x86.ActiveCfg = Debug|Any CPU
		{8AB9A2CB-0F6D-4395-AF95-627AB176A027}.Debug|x86.Build.0 = Debug|Any CPU
		{8AB9A2CB-0F6D-4395-AF95-627AB176A027}.Release|Any CPU.ActiveCfg = Release|Any CPU
		{8AB9A2CB-0F6D-4395-AF95-627AB176A027}.Release|Any CPU.Build.0 = Release|Any CPU
		{8AB9A2CB-0F6D-4395-AF95-627AB176A027}.Release|x64.ActiveCfg = Release|Any CPU
		{8AB9A2CB-0F6D-4395-AF95-627AB176A027}.Release|x64.Build.0 = Release|Any CPU
		{8AB9A2CB-0F6D-4395-AF95-627AB176A027}.Release|x86.ActiveCfg = Release|Any CPU
		{8AB9A2CB-0F6D-4395-AF95-627AB176A027}.Release|x86.Build.0 = Release|Any CPU
		{5F4BDE03-C6D5-4394-965D-6450E8B24C33}.Debug|Any CPU.ActiveCfg = Debug|Any CPU
		{5F4BDE03-C6D5-4394-965D-6450E8B24C33}.Debug|Any CPU.Build.0 = Debug|Any CPU
		{5F4BDE03-C6D5-4394-965D-6450E8B24C33}.Debug|x64.ActiveCfg = Debug|Any CPU
		{5F4BDE03-C6D5-4394-965D-6450E8B24C33}.Debug|x64.Build.0 = Debug|Any CPU
		{5F4BDE03-C6D5-4394-965D-6450E8B24C33}.Debug|x86.ActiveCfg = Debug|Any CPU
		{5F4BDE03-C6D5-4394-965D-6450E8B24C33}.Debug|x86.Build.0 = Debug|Any CPU
		{5F4BDE03-C6D5-4394-965D-6450E8B24C33}.Release|Any CPU.ActiveCfg = Release|Any CPU
		{5F4BDE03-C6D5-4394-965D-6450E8B24C33}.Release|Any CPU.Build.0 = Release|Any CPU
		{5F4BDE03-C6D5-4394-965D-6450E8B24C33}.Release|x64.ActiveCfg = Release|Any CPU
		{5F4BDE03-C6D5-4394-965D-6450E8B24C33}.Release|x64.Build.0 = Release|Any CPU
		{5F4BDE03-C6D5-4394-965D-6450E8B24C33}.Release|x86.ActiveCfg = Release|Any CPU
		{5F4BDE03-C6D5-4394-965D-6450E8B24C33}.Release|x86.Build.0 = Release|Any CPU
		{28251267-B40F-433E-A9B2-FA209F99A235}.Debug|Any CPU.ActiveCfg = Debug|Any CPU
		{28251267-B40F-433E-A9B2-FA209F99A235}.Debug|Any CPU.Build.0 = Debug|Any CPU
		{28251267-B40F-433E-A9B2-FA209F99A235}.Debug|x64.ActiveCfg = Debug|Any CPU
		{28251267-B40F-433E-A9B2-FA209F99A235}.Debug|x64.Build.0 = Debug|Any CPU
		{28251267-B40F-433E-A9B2-FA209F99A235}.Debug|x86.ActiveCfg = Debug|Any CPU
		{28251267-B40F-433E-A9B2-FA209F99A235}.Debug|x86.Build.0 = Debug|Any CPU
		{28251267-B40F-433E-A9B2-FA209F99A235}.Release|Any CPU.ActiveCfg = Release|Any CPU
		{28251267-B40F-433E-A9B2-FA209F99A235}.Release|Any CPU.Build.0 = Release|Any CPU
		{28251267-B40F-433E-A9B2-FA209F99A235}.Release|x64.ActiveCfg = Release|Any CPU
		{28251267-B40F-433E-A9B2-FA209F99A235}.Release|x64.Build.0 = Release|Any CPU
		{28251267-B40F-433E-A9B2-FA209F99A235}.Release|x86.ActiveCfg = Release|Any CPU
		{28251267-B40F-433E-A9B2-FA209F99A235}.Release|x86.Build.0 = Release|Any CPU
		{5C8FD251-FEF7-4737-B07B-2527C8D3FE7E}.Debug|Any CPU.ActiveCfg = Debug|Any CPU
		{5C8FD251-FEF7-4737-B07B-2527C8D3FE7E}.Debug|Any CPU.Build.0 = Debug|Any CPU
		{5C8FD251-FEF7-4737-B07B-2527C8D3FE7E}.Debug|x64.ActiveCfg = Debug|Any CPU
		{5C8FD251-FEF7-4737-B07B-2527C8D3FE7E}.Debug|x64.Build.0 = Debug|Any CPU
		{5C8FD251-FEF7-4737-B07B-2527C8D3FE7E}.Debug|x86.ActiveCfg = Debug|Any CPU
		{5C8FD251-FEF7-4737-B07B-2527C8D3FE7E}.Debug|x86.Build.0 = Debug|Any CPU
		{5C8FD251-FEF7-4737-B07B-2527C8D3FE7E}.Release|Any CPU.ActiveCfg = Release|Any CPU
		{5C8FD251-FEF7-4737-B07B-2527C8D3FE7E}.Release|Any CPU.Build.0 = Release|Any CPU
		{5C8FD251-FEF7-4737-B07B-2527C8D3FE7E}.Release|x64.ActiveCfg = Release|Any CPU
		{5C8FD251-FEF7-4737-B07B-2527C8D3FE7E}.Release|x64.Build.0 = Release|Any CPU
		{5C8FD251-FEF7-4737-B07B-2527C8D3FE7E}.Release|x86.ActiveCfg = Release|Any CPU
		{5C8FD251-FEF7-4737-B07B-2527C8D3FE7E}.Release|x86.Build.0 = Release|Any CPU
		{7D58F270-0F45-4754-9575-40B3F011B5E1}.Debug|Any CPU.ActiveCfg = Debug|Any CPU
		{7D58F270-0F45-4754-9575-40B3F011B5E1}.Debug|Any CPU.Build.0 = Debug|Any CPU
		{7D58F270-0F45-4754-9575-40B3F011B5E1}.Debug|x64.ActiveCfg = Debug|Any CPU
		{7D58F270-0F45-4754-9575-40B3F011B5E1}.Debug|x64.Build.0 = Debug|Any CPU
		{7D58F270-0F45-4754-9575-40B3F011B5E1}.Debug|x86.ActiveCfg = Debug|Any CPU
		{7D58F270-0F45-4754-9575-40B3F011B5E1}.Debug|x86.Build.0 = Debug|Any CPU
		{7D58F270-0F45-4754-9575-40B3F011B5E1}.Release|Any CPU.ActiveCfg = Release|Any CPU
		{7D58F270-0F45-4754-9575-40B3F011B5E1}.Release|Any CPU.Build.0 = Release|Any CPU
		{7D58F270-0F45-4754-9575-40B3F011B5E1}.Release|x64.ActiveCfg = Release|Any CPU
		{7D58F270-0F45-4754-9575-40B3F011B5E1}.Release|x64.Build.0 = Release|Any CPU
		{7D58F270-0F45-4754-9575-40B3F011B5E1}.Release|x86.ActiveCfg = Release|Any CPU
		{7D58F270-0F45-4754-9575-40B3F011B5E1}.Release|x86.Build.0 = Release|Any CPU
		{28960E94-CC6A-4841-B06D-96575CD82E56}.Debug|Any CPU.ActiveCfg = Debug|Any CPU
		{28960E94-CC6A-4841-B06D-96575CD82E56}.Debug|Any CPU.Build.0 = Debug|Any CPU
		{28960E94-CC6A-4841-B06D-96575CD82E56}.Debug|x64.ActiveCfg = Debug|Any CPU
		{28960E94-CC6A-4841-B06D-96575CD82E56}.Debug|x64.Build.0 = Debug|Any CPU
		{28960E94-CC6A-4841-B06D-96575CD82E56}.Debug|x86.ActiveCfg = Debug|Any CPU
		{28960E94-CC6A-4841-B06D-96575CD82E56}.Debug|x86.Build.0 = Debug|Any CPU
		{28960E94-CC6A-4841-B06D-96575CD82E56}.Release|Any CPU.ActiveCfg = Release|Any CPU
		{28960E94-CC6A-4841-B06D-96575CD82E56}.Release|Any CPU.Build.0 = Release|Any CPU
		{28960E94-CC6A-4841-B06D-96575CD82E56}.Release|x64.ActiveCfg = Release|Any CPU
		{28960E94-CC6A-4841-B06D-96575CD82E56}.Release|x64.Build.0 = Release|Any CPU
		{28960E94-CC6A-4841-B06D-96575CD82E56}.Release|x86.ActiveCfg = Release|Any CPU
		{28960E94-CC6A-4841-B06D-96575CD82E56}.Release|x86.Build.0 = Release|Any CPU
		{E84F7C7E-40EE-4963-A94E-E715F45FF9D2}.Debug|Any CPU.ActiveCfg = Debug|Any CPU
		{E84F7C7E-40EE-4963-A94E-E715F45FF9D2}.Debug|Any CPU.Build.0 = Debug|Any CPU
		{E84F7C7E-40EE-4963-A94E-E715F45FF9D2}.Debug|x64.ActiveCfg = Debug|Any CPU
		{E84F7C7E-40EE-4963-A94E-E715F45FF9D2}.Debug|x64.Build.0 = Debug|Any CPU
		{E84F7C7E-40EE-4963-A94E-E715F45FF9D2}.Debug|x86.ActiveCfg = Debug|Any CPU
		{E84F7C7E-40EE-4963-A94E-E715F45FF9D2}.Debug|x86.Build.0 = Debug|Any CPU
		{E84F7C7E-40EE-4963-A94E-E715F45FF9D2}.Release|Any CPU.ActiveCfg = Release|Any CPU
		{E84F7C7E-40EE-4963-A94E-E715F45FF9D2}.Release|Any CPU.Build.0 = Release|Any CPU
		{E84F7C7E-40EE-4963-A94E-E715F45FF9D2}.Release|x64.ActiveCfg = Release|Any CPU
		{E84F7C7E-40EE-4963-A94E-E715F45FF9D2}.Release|x64.Build.0 = Release|Any CPU
		{E84F7C7E-40EE-4963-A94E-E715F45FF9D2}.Release|x86.ActiveCfg = Release|Any CPU
		{E84F7C7E-40EE-4963-A94E-E715F45FF9D2}.Release|x86.Build.0 = Release|Any CPU
		{DF08D37D-BFDE-4E7F-A9C3-9DDF7ED0C0A0}.Debug|Any CPU.ActiveCfg = Debug|Win32
		{DF08D37D-BFDE-4E7F-A9C3-9DDF7ED0C0A0}.Debug|x64.ActiveCfg = Debug|x64
		{DF08D37D-BFDE-4E7F-A9C3-9DDF7ED0C0A0}.Debug|x64.Build.0 = Debug|x64
		{DF08D37D-BFDE-4E7F-A9C3-9DDF7ED0C0A0}.Debug|x86.ActiveCfg = Debug|Win32
		{DF08D37D-BFDE-4E7F-A9C3-9DDF7ED0C0A0}.Debug|x86.Build.0 = Debug|Win32
		{DF08D37D-BFDE-4E7F-A9C3-9DDF7ED0C0A0}.Release|Any CPU.ActiveCfg = Release|Win32
		{DF08D37D-BFDE-4E7F-A9C3-9DDF7ED0C0A0}.Release|x64.ActiveCfg = Release|x64
		{DF08D37D-BFDE-4E7F-A9C3-9DDF7ED0C0A0}.Release|x64.Build.0 = Release|x64
		{DF08D37D-BFDE-4E7F-A9C3-9DDF7ED0C0A0}.Release|x86.ActiveCfg = Release|Win32
		{DF08D37D-BFDE-4E7F-A9C3-9DDF7ED0C0A0}.Release|x86.Build.0 = Release|Win32
	EndGlobalSection
	GlobalSection(SolutionProperties) = preSolution
		HideSolutionNode = FALSE
	EndGlobalSection
	GlobalSection(NestedProjects) = preSolution
		{8AB9A2CB-0F6D-4395-AF95-627AB176A027} = {7A6FE64A-2427-48C0-99A7-0D81832173E2}
		{5F4BDE03-C6D5-4394-965D-6450E8B24C33} = {7A6FE64A-2427-48C0-99A7-0D81832173E2}
		{DF08D37D-BFDE-4E7F-A9C3-9DDF7ED0C0A0} = {13A87E71-284C-4C25-B82A-C55F71A60E39}
	EndGlobalSection
	GlobalSection(ExtensibilityGlobals) = postSolution
		SolutionGuid = {AC396D01-97B1-4C81-BB62-9800E951ED54}
	EndGlobalSection
EndGlobal
